// !$*UTF8*$!
{
	archiveVersion = 1;
	classes = {
	};
	objectVersion = 48;
	objects = {

/* Begin PBXBuildFile section */
		EBFDBDD51F995B77005C865C /* AppDelegate.m in Sources */ = {isa = PBXBuildFile; fileRef = EBFDBDD41F995B77005C865C /* AppDelegate.m */; };
		EBFDBDD81F995B77005C865C /* HorseMasterViewController.m in Sources */ = {isa = PBXBuildFile; fileRef = EBFDBDD71F995B77005C865C /* HorseMasterViewController.m */; };
		EBFDBDDB1F995B77005C865C /* Main.storyboard in Resources */ = {isa = PBXBuildFile; fileRef = EBFDBDD91F995B77005C865C /* Main.storyboard */; };
		EBFDBDDD1F995B77005C865C /* Assets.xcassets in Resources */ = {isa = PBXBuildFile; fileRef = EBFDBDDC1F995B77005C865C /* Assets.xcassets */; };
		EBFDBDE01F995B77005C865C /* LaunchScreen.storyboard in Resources */ = {isa = PBXBuildFile; fileRef = EBFDBDDE1F995B77005C865C /* LaunchScreen.storyboard */; };
		EBFDBDE31F995B77005C865C /* main.m in Sources */ = {isa = PBXBuildFile; fileRef = EBFDBDE21F995B77005C865C /* main.m */; };
		EBFDBDED1F995B77005C865C /* HorstaGramTests.m in Sources */ = {isa = PBXBuildFile; fileRef = EBFDBDEC1F995B77005C865C /* HorstaGramTests.m */; };
		EBFDBDF81F995B77005C865C /* HorstaGramUITests.m in Sources */ = {isa = PBXBuildFile; fileRef = EBFDBDF71F995B77005C865C /* HorstaGramUITests.m */; };
		EBFDBE071F9961E9005C865C /* HorseTableViewCell.m in Sources */ = {isa = PBXBuildFile; fileRef = EBFDBE061F9961E9005C865C /* HorseTableViewCell.m */; };
		EBFDBE0A1F99633C005C865C /* Horse.m in Sources */ = {isa = PBXBuildFile; fileRef = EBFDBE091F99633C005C865C /* Horse.m */; };
		EBFDBE0D1F996B22005C865C /* HorseDetailViewController.m in Sources */ = {isa = PBXBuildFile; fileRef = EBFDBE0C1F996B22005C865C /* HorseDetailViewController.m */; };
		EBFDBE101F996C7B005C865C /* HorseDataSource.m in Sources */ = {isa = PBXBuildFile; fileRef = EBFDBE0F1F996C7B005C865C /* HorseDataSource.m */; };
/* End PBXBuildFile section */

/* Begin PBXContainerItemProxy section */
		EBFDBDE91F995B77005C865C /* PBXContainerItemProxy */ = {
			isa = PBXContainerItemProxy;
			containerPortal = EBFDBDC81F995B76005C865C /* Project object */;
			proxyType = 1;
			remoteGlobalIDString = EBFDBDCF1F995B76005C865C;
			remoteInfo = HorstaGram;
		};
		EBFDBDF41F995B77005C865C /* PBXContainerItemProxy */ = {
			isa = PBXContainerItemProxy;
			containerPortal = EBFDBDC81F995B76005C865C /* Project object */;
			proxyType = 1;
			remoteGlobalIDString = EBFDBDCF1F995B76005C865C;
			remoteInfo = HorstaGram;
		};
/* End PBXContainerItemProxy section */

/* Begin PBXFileReference section */
		EBFDBDD01F995B76005C865C /* HorstaGram.app */ = {isa = PBXFileReference; explicitFileType = wrapper.application; includeInIndex = 0; path = HorstaGram.app; sourceTree = BUILT_PRODUCTS_DIR; };
		EBFDBDD31F995B77005C865C /* AppDelegate.h */ = {isa = PBXFileReference; lastKnownFileType = sourcecode.c.h; path = AppDelegate.h; sourceTree = "<group>"; };
		EBFDBDD41F995B77005C865C /* AppDelegate.m */ = {isa = PBXFileReference; lastKnownFileType = sourcecode.c.objc; path = AppDelegate.m; sourceTree = "<group>"; };
		EBFDBDD61F995B77005C865C /* HorseMasterViewController.h */ = {isa = PBXFileReference; lastKnownFileType = sourcecode.c.h; path = HorseMasterViewController.h; sourceTree = "<group>"; };
		EBFDBDD71F995B77005C865C /* HorseMasterViewController.m */ = {isa = PBXFileReference; lastKnownFileType = sourcecode.c.objc; path = HorseMasterViewController.m; sourceTree = "<group>"; };
		EBFDBDDA1F995B77005C865C /* Base */ = {isa = PBXFileReference; lastKnownFileType = file.storyboard; name = Base; path = Base.lproj/Main.storyboard; sourceTree = "<group>"; };
		EBFDBDDC1F995B77005C865C /* Assets.xcassets */ = {isa = PBXFileReference; lastKnownFileType = folder.assetcatalog; path = Assets.xcassets; sourceTree = "<group>"; };
		EBFDBDDF1F995B77005C865C /* Base */ = {isa = PBXFileReference; lastKnownFileType = file.storyboard; name = Base; path = Base.lproj/LaunchScreen.storyboard; sourceTree = "<group>"; };
		EBFDBDE11F995B77005C865C /* Info.plist */ = {isa = PBXFileReference; lastKnownFileType = text.plist.xml; path = Info.plist; sourceTree = "<group>"; };
		EBFDBDE21F995B77005C865C /* main.m */ = {isa = PBXFileReference; lastKnownFileType = sourcecode.c.objc; path = main.m; sourceTree = "<group>"; };
		EBFDBDE81F995B77005C865C /* HorstaGramTests.xctest */ = {isa = PBXFileReference; explicitFileType = wrapper.cfbundle; includeInIndex = 0; path = HorstaGramTests.xctest; sourceTree = BUILT_PRODUCTS_DIR; };
		EBFDBDEC1F995B77005C865C /* HorstaGramTests.m */ = {isa = PBXFileReference; lastKnownFileType = sourcecode.c.objc; path = HorstaGramTests.m; sourceTree = "<group>"; };
		EBFDBDEE1F995B77005C865C /* Info.plist */ = {isa = PBXFileReference; lastKnownFileType = text.plist.xml; path = Info.plist; sourceTree = "<group>"; };
		EBFDBDF31F995B77005C865C /* HorstaGramUITests.xctest */ = {isa = PBXFileReference; explicitFileType = wrapper.cfbundle; includeInIndex = 0; path = HorstaGramUITests.xctest; sourceTree = BUILT_PRODUCTS_DIR; };
		EBFDBDF71F995B77005C865C /* HorstaGramUITests.m */ = {isa = PBXFileReference; lastKnownFileType = sourcecode.c.objc; path = HorstaGramUITests.m; sourceTree = "<group>"; };
		EBFDBDF91F995B77005C865C /* Info.plist */ = {isa = PBXFileReference; lastKnownFileType = text.plist.xml; path = Info.plist; sourceTree = "<group>"; };
		EBFDBE051F9961E9005C865C /* HorseTableViewCell.h */ = {isa = PBXFileReference; lastKnownFileType = sourcecode.c.h; path = HorseTableViewCell.h; sourceTree = "<group>"; };
		EBFDBE061F9961E9005C865C /* HorseTableViewCell.m */ = {isa = PBXFileReference; lastKnownFileType = sourcecode.c.objc; path = HorseTableViewCell.m; sourceTree = "<group>"; };
		EBFDBE081F99633C005C865C /* Horse.h */ = {isa = PBXFileReference; lastKnownFileType = sourcecode.c.h; path = Horse.h; sourceTree = "<group>"; };
		EBFDBE091F99633C005C865C /* Horse.m */ = {isa = PBXFileReference; lastKnownFileType = sourcecode.c.objc; path = Horse.m; sourceTree = "<group>"; };
		EBFDBE0B1F996B22005C865C /* HorseDetailViewController.h */ = {isa = PBXFileReference; lastKnownFileType = sourcecode.c.h; path = HorseDetailViewController.h; sourceTree = "<group>"; };
		EBFDBE0C1F996B22005C865C /* HorseDetailViewController.m */ = {isa = PBXFileReference; lastKnownFileType = sourcecode.c.objc; path = HorseDetailViewController.m; sourceTree = "<group>"; };
		EBFDBE0E1F996C7B005C865C /* HorseDataSource.h */ = {isa = PBXFileReference; lastKnownFileType = sourcecode.c.h; path = HorseDataSource.h; sourceTree = "<group>"; };
		EBFDBE0F1F996C7B005C865C /* HorseDataSource.m */ = {isa = PBXFileReference; lastKnownFileType = sourcecode.c.objc; path = HorseDataSource.m; sourceTree = "<group>"; };
/* End PBXFileReference section */

/* Begin PBXFrameworksBuildPhase section */
		EBFDBDCD1F995B76005C865C /* Frameworks */ = {
			isa = PBXFrameworksBuildPhase;
			buildActionMask = 2147483647;
			files = (
			);
			runOnlyForDeploymentPostprocessing = 0;
		};
		EBFDBDE51F995B77005C865C /* Frameworks */ = {
			isa = PBXFrameworksBuildPhase;
			buildActionMask = 2147483647;
			files = (
			);
			runOnlyForDeploymentPostprocessing = 0;
		};
		EBFDBDF01F995B77005C865C /* Frameworks */ = {
			isa = PBXFrameworksBuildPhase;
			buildActionMask = 2147483647;
			files = (
			);
			runOnlyForDeploymentPostprocessing = 0;
		};
/* End PBXFrameworksBuildPhase section */

/* Begin PBXGroup section */
		EBFDBDC71F995B76005C865C = {
			isa = PBXGroup;
			children = (
				EBFDBDD21F995B77005C865C /* HorstaGram */,
				EBFDBDEB1F995B77005C865C /* HorstaGramTests */,
				EBFDBDF61F995B77005C865C /* HorstaGramUITests */,
				EBFDBDD11F995B77005C865C /* Products */,
			);
			sourceTree = "<group>";
		};
		EBFDBDD11F995B77005C865C /* Products */ = {
			isa = PBXGroup;
			children = (
				EBFDBDD01F995B76005C865C /* HorstaGram.app */,
				EBFDBDE81F995B77005C865C /* HorstaGramTests.xctest */,
				EBFDBDF31F995B77005C865C /* HorstaGramUITests.xctest */,
			);
			name = Products;
			sourceTree = "<group>";
		};
		EBFDBDD21F995B77005C865C /* HorstaGram */ = {
			isa = PBXGroup;
			children = (
				EBFDBDD31F995B77005C865C /* AppDelegate.h */,
				EBFDBDD41F995B77005C865C /* AppDelegate.m */,
				EBFDBDD61F995B77005C865C /* HorseMasterViewController.h */,
				EBFDBDD71F995B77005C865C /* HorseMasterViewController.m */,
				EBFDBE0B1F996B22005C865C /* HorseDetailViewController.h */,
				EBFDBE0C1F996B22005C865C /* HorseDetailViewController.m */,
				EBFDBE051F9961E9005C865C /* HorseTableViewCell.h */,
				EBFDBE061F9961E9005C865C /* HorseTableViewCell.m */,
				EBFDBE081F99633C005C865C /* Horse.h */,
				EBFDBE091F99633C005C865C /* Horse.m */,
				EBFDBE0E1F996C7B005C865C /* HorseDataSource.h */,
				EBFDBE0F1F996C7B005C865C /* HorseDataSource.m */,
				EBFDBDD91F995B77005C865C /* Main.storyboard */,
				EBFDBDDC1F995B77005C865C /* Assets.xcassets */,
				EBFDBDDE1F995B77005C865C /* LaunchScreen.storyboard */,
				EBFDBDE11F995B77005C865C /* Info.plist */,
				EBFDBDE21F995B77005C865C /* main.m */,
			);
			path = HorstaGram;
			sourceTree = "<group>";
		};
		EBFDBDEB1F995B77005C865C /* HorstaGramTests */ = {
			isa = PBXGroup;
			children = (
				EBFDBDEC1F995B77005C865C /* HorstaGramTests.m */,
				EBFDBDEE1F995B77005C865C /* Info.plist */,
			);
			path = HorstaGramTests;
			sourceTree = "<group>";
		};
		EBFDBDF61F995B77005C865C /* HorstaGramUITests */ = {
			isa = PBXGroup;
			children = (
				EBFDBDF71F995B77005C865C /* HorstaGramUITests.m */,
				EBFDBDF91F995B77005C865C /* Info.plist */,
			);
			path = HorstaGramUITests;
			sourceTree = "<group>";
		};
/* End PBXGroup section */

/* Begin PBXNativeTarget section */
		EBFDBDCF1F995B76005C865C /* HorstaGram */ = {
			isa = PBXNativeTarget;
			buildConfigurationList = EBFDBDFC1F995B77005C865C /* Build configuration list for PBXNativeTarget "HorstaGram" */;
			buildPhases = (
				EBFDBDCC1F995B76005C865C /* Sources */,
				EBFDBDCD1F995B76005C865C /* Frameworks */,
				EBFDBDCE1F995B76005C865C /* Resources */,
			);
			buildRules = (
			);
			dependencies = (
			);
			name = HorstaGram;
			productName = HorstaGram;
			productReference = EBFDBDD01F995B76005C865C /* HorstaGram.app */;
			productType = "com.apple.product-type.application";
		};
		EBFDBDE71F995B77005C865C /* HorstaGramTests */ = {
			isa = PBXNativeTarget;
			buildConfigurationList = EBFDBDFF1F995B77005C865C /* Build configuration list for PBXNativeTarget "HorstaGramTests" */;
			buildPhases = (
				EBFDBDE41F995B77005C865C /* Sources */,
				EBFDBDE51F995B77005C865C /* Frameworks */,
				EBFDBDE61F995B77005C865C /* Resources */,
			);
			buildRules = (
			);
			dependencies = (
				EBFDBDEA1F995B77005C865C /* PBXTargetDependency */,
			);
			name = HorstaGramTests;
			productName = HorstaGramTests;
			productReference = EBFDBDE81F995B77005C865C /* HorstaGramTests.xctest */;
			productType = "com.apple.product-type.bundle.unit-test";
		};
		EBFDBDF21F995B77005C865C /* HorstaGramUITests */ = {
			isa = PBXNativeTarget;
			buildConfigurationList = EBFDBE021F995B77005C865C /* Build configuration list for PBXNativeTarget "HorstaGramUITests" */;
			buildPhases = (
				EBFDBDEF1F995B77005C865C /* Sources */,
				EBFDBDF01F995B77005C865C /* Frameworks */,
				EBFDBDF11F995B77005C865C /* Resources */,
			);
			buildRules = (
			);
			dependencies = (
				EBFDBDF51F995B77005C865C /* PBXTargetDependency */,
			);
			name = HorstaGramUITests;
			productName = HorstaGramUITests;
			productReference = EBFDBDF31F995B77005C865C /* HorstaGramUITests.xctest */;
			productType = "com.apple.product-type.bundle.ui-testing";
		};
/* End PBXNativeTarget section */

/* Begin PBXProject section */
		EBFDBDC81F995B76005C865C /* Project object */ = {
			isa = PBXProject;
			attributes = {
				LastUpgradeCheck = 0900;
				ORGANIZATIONNAME = 98chimp;
				TargetAttributes = {
					EBFDBDCF1F995B76005C865C = {
						CreatedOnToolsVersion = 9.0;
						ProvisioningStyle = Automatic;
					};
					EBFDBDE71F995B77005C865C = {
						CreatedOnToolsVersion = 9.0;
						ProvisioningStyle = Automatic;
						TestTargetID = EBFDBDCF1F995B76005C865C;
					};
					EBFDBDF21F995B77005C865C = {
						CreatedOnToolsVersion = 9.0;
						ProvisioningStyle = Automatic;
						TestTargetID = EBFDBDCF1F995B76005C865C;
					};
				};
			};
			buildConfigurationList = EBFDBDCB1F995B76005C865C /* Build configuration list for PBXProject "HorstaGram" */;
			compatibilityVersion = "Xcode 8.0";
			developmentRegion = en;
			hasScannedForEncodings = 0;
			knownRegions = (
				en,
				Base,
			);
			mainGroup = EBFDBDC71F995B76005C865C;
			productRefGroup = EBFDBDD11F995B77005C865C /* Products */;
			projectDirPath = "";
			projectRoot = "";
			targets = (
				EBFDBDCF1F995B76005C865C /* HorstaGram */,
				EBFDBDE71F995B77005C865C /* HorstaGramTests */,
				EBFDBDF21F995B77005C865C /* HorstaGramUITests */,
			);
		};
/* End PBXProject section */

/* Begin PBXResourcesBuildPhase section */
		EBFDBDCE1F995B76005C865C /* Resources */ = {
			isa = PBXResourcesBuildPhase;
			buildActionMask = 2147483647;
			files = (
				EBFDBDE01F995B77005C865C /* LaunchScreen.storyboard in Resources */,
				EBFDBDDD1F995B77005C865C /* Assets.xcassets in Resources */,
				EBFDBDDB1F995B77005C865C /* Main.storyboard in Resources */,
			);
			runOnlyForDeploymentPostprocessing = 0;
		};
		EBFDBDE61F995B77005C865C /* Resources */ = {
			isa = PBXResourcesBuildPhase;
			buildActionMask = 2147483647;
			files = (
			);
			runOnlyForDeploymentPostprocessing = 0;
		};
		EBFDBDF11F995B77005C865C /* Resources */ = {
			isa = PBXResourcesBuildPhase;
			buildActionMask = 2147483647;
			files = (
			);
			runOnlyForDeploymentPostprocessing = 0;
		};
/* End PBXResourcesBuildPhase section */

/* Begin PBXSourcesBuildPhase section */
		EBFDBDCC1F995B76005C865C /* Sources */ = {
			isa = PBXSourcesBuildPhase;
			buildActionMask = 2147483647;
			files = (
				EBFDBDD81F995B77005C865C /* HorseMasterViewController.m in Sources */,
				EBFDBE0A1F99633C005C865C /* Horse.m in Sources */,
				EBFDBE071F9961E9005C865C /* HorseTableViewCell.m in Sources */,
				EBFDBDE31F995B77005C865C /* main.m in Sources */,
				EBFDBDD51F995B77005C865C /* AppDelegate.m in Sources */,
				EBFDBE101F996C7B005C865C /* HorseDataSource.m in Sources */,
				EBFDBE0D1F996B22005C865C /* HorseDetailViewController.m in Sources */,
			);
			runOnlyForDeploymentPostprocessing = 0;
		};
		EBFDBDE41F995B77005C865C /* Sources */ = {
			isa = PBXSourcesBuildPhase;
			buildActionMask = 2147483647;
			files = (
				EBFDBDED1F995B77005C865C /* HorstaGramTests.m in Sources */,
			);
			runOnlyForDeploymentPostprocessing = 0;
		};
		EBFDBDEF1F995B77005C865C /* Sources */ = {
			isa = PBXSourcesBuildPhase;
			buildActionMask = 2147483647;
			files = (
				EBFDBDF81F995B77005C865C /* HorstaGramUITests.m in Sources */,
			);
			runOnlyForDeploymentPostprocessing = 0;
		};
/* End PBXSourcesBuildPhase section */

/* Begin PBXTargetDependency section */
		EBFDBDEA1F995B77005C865C /* PBXTargetDependency */ = {
			isa = PBXTargetDependency;
			target = EBFDBDCF1F995B76005C865C /* HorstaGram */;
			targetProxy = EBFDBDE91F995B77005C865C /* PBXContainerItemProxy */;
		};
		EBFDBDF51F995B77005C865C /* PBXTargetDependency */ = {
			isa = PBXTargetDependency;
			target = EBFDBDCF1F995B76005C865C /* HorstaGram */;
			targetProxy = EBFDBDF41F995B77005C865C /* PBXContainerItemProxy */;
		};
/* End PBXTargetDependency section */

/* Begin PBXVariantGroup section */
		EBFDBDD91F995B77005C865C /* Main.storyboard */ = {
			isa = PBXVariantGroup;
			children = (
				EBFDBDDA1F995B77005C865C /* Base */,
			);
			name = Main.storyboard;
			sourceTree = "<group>";
		};
		EBFDBDDE1F995B77005C865C /* LaunchScreen.storyboard */ = {
			isa = PBXVariantGroup;
			children = (
				EBFDBDDF1F995B77005C865C /* Base */,
			);
			name = LaunchScreen.storyboard;
			sourceTree = "<group>";
		};
/* End PBXVariantGroup section */

/* Begin XCBuildConfiguration section */
		EBFDBDFA1F995B77005C865C /* Debug */ = {
			isa = XCBuildConfiguration;
			buildSettings = {
				ALWAYS_SEARCH_USER_PATHS = NO;
				CLANG_ANALYZER_NONNULL = YES;
				CLANG_ANALYZER_NUMBER_OBJECT_CONVERSION = YES_AGGRESSIVE;
				CLANG_CXX_LANGUAGE_STANDARD = "gnu++14";
				CLANG_CXX_LIBRARY = "libc++";
				CLANG_ENABLE_MODULES = YES;
				CLANG_ENABLE_OBJC_ARC = YES;
				CLANG_WARN_BLOCK_CAPTURE_AUTORELEASING = YES;
				CLANG_WARN_BOOL_CONVERSION = YES;
				CLANG_WARN_COMMA = YES;
				CLANG_WARN_CONSTANT_CONVERSION = YES;
				CLANG_WARN_DIRECT_OBJC_ISA_USAGE = YES_ERROR;
				CLANG_WARN_DOCUMENTATION_COMMENTS = YES;
				CLANG_WARN_EMPTY_BODY = YES;
				CLANG_WARN_ENUM_CONVERSION = YES;
				CLANG_WARN_INFINITE_RECURSION = YES;
				CLANG_WARN_INT_CONVERSION = YES;
				CLANG_WARN_NON_LITERAL_NULL_CONVERSION = YES;
				CLANG_WARN_OBJC_LITERAL_CONVERSION = YES;
				CLANG_WARN_OBJC_ROOT_CLASS = YES_ERROR;
				CLANG_WARN_RANGE_LOOP_ANALYSIS = YES;
				CLANG_WARN_STRICT_PROTOTYPES = YES;
				CLANG_WARN_SUSPICIOUS_MOVE = YES;
				CLANG_WARN_UNGUARDED_AVAILABILITY = YES_AGGRESSIVE;
				CLANG_WARN_UNREACHABLE_CODE = YES;
				CLANG_WARN__DUPLICATE_METHOD_MATCH = YES;
				CODE_SIGN_IDENTITY = "iPhone Developer";
				COPY_PHASE_STRIP = NO;
				DEBUG_INFORMATION_FORMAT = dwarf;
				ENABLE_STRICT_OBJC_MSGSEND = YES;
				ENABLE_TESTABILITY = YES;
				GCC_C_LANGUAGE_STANDARD = gnu11;
				GCC_DYNAMIC_NO_PIC = NO;
				GCC_NO_COMMON_BLOCKS = YES;
				GCC_OPTIMIZATION_LEVEL = 0;
				GCC_PREPROCESSOR_DEFINITIONS = (
					"DEBUG=1",
					"$(inherited)",
				);
				GCC_WARN_64_TO_32_BIT_CONVERSION = YES;
				GCC_WARN_ABOUT_RETURN_TYPE = YES_ERROR;
				GCC_WARN_UNDECLARED_SELECTOR = YES;
				GCC_WARN_UNINITIALIZED_AUTOS = YES_AGGRESSIVE;
				GCC_WARN_UNUSED_FUNCTION = YES;
				GCC_WARN_UNUSED_VARIABLE = YES;
				IPHONEOS_DEPLOYMENT_TARGET = 11.0;
				MTL_ENABLE_DEBUG_INFO = YES;
				ONLY_ACTIVE_ARCH = YES;
				SDKROOT = iphoneos;
			};
			name = Debug;
		};
		EBFDBDFB1F995B77005C865C /* Release */ = {
			isa = XCBuildConfiguration;
			buildSettings = {
				ALWAYS_SEARCH_USER_PATHS = NO;
				CLANG_ANALYZER_NONNULL = YES;
				CLANG_ANALYZER_NUMBER_OBJECT_CONVERSION = YES_AGGRESSIVE;
				CLANG_CXX_LANGUAGE_STANDARD = "gnu++14";
				CLANG_CXX_LIBRARY = "libc++";
				CLANG_ENABLE_MODULES = YES;
				CLANG_ENABLE_OBJC_ARC = YES;
				CLANG_WARN_BLOCK_CAPTURE_AUTORELEASING = YES;
				CLANG_WARN_BOOL_CONVERSION = YES;
				CLANG_WARN_COMMA = YES;
				CLANG_WARN_CONSTANT_CONVERSION = YES;
				CLANG_WARN_DIRECT_OBJC_ISA_USAGE = YES_ERROR;
				CLANG_WARN_DOCUMENTATION_COMMENTS = YES;
				CLANG_WARN_EMPTY_BODY = YES;
				CLANG_WARN_ENUM_CONVERSION = YES;
				CLANG_WARN_INFINITE_RECURSION = YES;
				CLANG_WARN_INT_CONVERSION = YES;
				CLANG_WARN_NON_LITERAL_NULL_CONVERSION = YES;
				CLANG_WARN_OBJC_LITERAL_CONVERSION = YES;
				CLANG_WARN_OBJC_ROOT_CLASS = YES_ERROR;
				CLANG_WARN_RANGE_LOOP_ANALYSIS = YES;
				CLANG_WARN_STRICT_PROTOTYPES = YES;
				CLANG_WARN_SUSPICIOUS_MOVE = YES;
				CLANG_WARN_UNGUARDED_AVAILABILITY = YES_AGGRESSIVE;
				CLANG_WARN_UNREACHABLE_CODE = YES;
				CLANG_WARN__DUPLICATE_METHOD_MATCH = YES;
				CODE_SIGN_IDENTITY = "iPhone Developer";
				COPY_PHASE_STRIP = NO;
				DEBUG_INFORMATION_FORMAT = "dwarf-with-dsym";
				ENABLE_NS_ASSERTIONS = NO;
				ENABLE_STRICT_OBJC_MSGSEND = YES;
				GCC_C_LANGUAGE_STANDARD = gnu11;
				GCC_NO_COMMON_BLOCKS = YES;
				GCC_WARN_64_TO_32_BIT_CONVERSION = YES;
				GCC_WARN_ABOUT_RETURN_TYPE = YES_ERROR;
				GCC_WARN_UNDECLARED_SELECTOR = YES;
				GCC_WARN_UNINITIALIZED_AUTOS = YES_AGGRESSIVE;
				GCC_WARN_UNUSED_FUNCTION = YES;
				GCC_WARN_UNUSED_VARIABLE = YES;
				IPHONEOS_DEPLOYMENT_TARGET = 11.0;
				MTL_ENABLE_DEBUG_INFO = NO;
				SDKROOT = iphoneos;
				VALIDATE_PRODUCT = YES;
			};
			name = Release;
		};
		EBFDBDFD1F995B77005C865C /* Debug */ = {
			isa = XCBuildConfiguration;
			buildSettings = {
				ASSETCATALOG_COMPILER_APPICON_NAME = AppIcon;
				CODE_SIGN_STYLE = Automatic;
				DEVELOPMENT_TEAM = 6X85PLZ26L;
				INFOPLIST_FILE = HorstaGram/Info.plist;
				LD_RUNPATH_SEARCH_PATHS = "$(inherited) @executable_path/Frameworks";
				PRODUCT_BUNDLE_IDENTIFIER = com.98chimp.HorstaGram;
				PRODUCT_NAME = "$(TARGET_NAME)";
				TARGETED_DEVICE_FAMILY = "1,2";
			};
			name = Debug;
		};
		EBFDBDFE1F995B77005C865C /* Release */ = {
			isa = XCBuildConfiguration;
			buildSettings = {
				ASSETCATALOG_COMPILER_APPICON_NAME = AppIcon;
				CODE_SIGN_STYLE = Automatic;
				DEVELOPMENT_TEAM = 6X85PLZ26L;
				INFOPLIST_FILE = HorstaGram/Info.plist;
				LD_RUNPATH_SEARCH_PATHS = "$(inherited) @executable_path/Frameworks";
				PRODUCT_BUNDLE_IDENTIFIER = com.98chimp.HorstaGram;
				PRODUCT_NAME = "$(TARGET_NAME)";
				TARGETED_DEVICE_FAMILY = "1,2";
			};
			name = Release;
		};
		EBFDBE001F995B77005C865C /* Debug */ = {
			isa = XCBuildConfiguration;
			buildSettings = {
				BUNDLE_LOADER = "$(TEST_HOST)";
				CODE_SIGN_STYLE = Automatic;
				DEVELOPMENT_TEAM = 6X85PLZ26L;
				INFOPLIST_FILE = HorstaGramTests/Info.plist;
				LD_RUNPATH_SEARCH_PATHS = "$(inherited) @executable_path/Frameworks @loader_path/Frameworks";
				PRODUCT_BUNDLE_IDENTIFIER = com.98chimp.HorstaGramTests;
				PRODUCT_NAME = "$(TARGET_NAME)";
				TARGETED_DEVICE_FAMILY = "1,2";
				TEST_HOST = "$(BUILT_PRODUCTS_DIR)/HorstaGram.app/HorstaGram";
			};
			name = Debug;
		};
		EBFDBE011F995B77005C865C /* Release */ = {
			isa = XCBuildConfiguration;
			buildSettings = {
				BUNDLE_LOADER = "$(TEST_HOST)";
				CODE_SIGN_STYLE = Automatic;
				DEVELOPMENT_TEAM = 6X85PLZ26L;
				INFOPLIST_FILE = HorstaGramTests/Info.plist;
				LD_RUNPATH_SEARCH_PATHS = "$(inherited) @executable_path/Frameworks @loader_path/Frameworks";
				PRODUCT_BUNDLE_IDENTIFIER = com.98chimp.HorstaGramTests;
				PRODUCT_NAME = "$(TARGET_NAME)";
				TARGETED_DEVICE_FAMILY = "1,2";
				TEST_HOST = "$(BUILT_PRODUCTS_DIR)/HorstaGram.app/HorstaGram";
			};
			name = Release;
		};
		EBFDBE031F995B77005C865C /* Debug */ = {
			isa = XCBuildConfiguration;
			buildSettings = {
				CODE_SIGN_STYLE = Automatic;
				DEVELOPMENT_TEAM = 6X85PLZ26L;
				INFOPLIST_FILE = HorstaGramUITests/Info.plist;
				LD_RUNPATH_SEARCH_PATHS = "$(inherited) @executable_path/Frameworks @loader_path/Frameworks";
				PRODUCT_BUNDLE_IDENTIFIER = com.98chimp.HorstaGramUITests;
				PRODUCT_NAME = "$(TARGET_NAME)";
				TARGETED_DEVICE_FAMILY = "1,2";
				TEST_TARGET_NAME = HorstaGram;
			};
			name = Debug;
		};
		EBFDBE041F995B77005C865C /* Release */ = {
			isa = XCBuildConfiguration;
			buildSettings = {
				CODE_SIGN_STYLE = Automatic;
				DEVELOPMENT_TEAM = 6X85PLZ26L;
				INFOPLIST_FILE = HorstaGramUITests/Info.plist;
				LD_RUNPATH_SEARCH_PATHS = "$(inherited) @executable_path/Frameworks @loader_path/Frameworks";
				PRODUCT_BUNDLE_IDENTIFIER = com.98chimp.HorstaGramUITests;
				PRODUCT_NAME = "$(TARGET_NAME)";
				TARGETED_DEVICE_FAMILY = "1,2";
				TEST_TARGET_NAME = HorstaGram;
			};
			name = Release;
		};
/* End XCBuildConfiguration section */

/* Begin XCConfigurationList section */
		EBFDBDCB1F995B76005C865C /* Build configuration list for PBXProject "HorstaGram" */ = {
			isa = XCConfigurationList;
			buildConfigurations = (
				EBFDBDFA1F995B77005C865C /* Debug */,
				EBFDBDFB1F995B77005C865C /* Release */,
			);
			defaultConfigurationIsVisible = 0;
			defaultConfigurationName = Release;
		};
		EBFDBDFC1F995B77005C865C /* Build configuration list for PBXNativeTarget "HorstaGram" */ = {
			isa = XCConfigurationList;
			buildConfigurations = (
				EBFDBDFD1F995B77005C865C /* Debug */,
				EBFDBDFE1F995B77005C865C /* Release */,
			);
			defaultConfigurationIsVisible = 0;
			defaultConfigurationName = Release;
		};
		EBFDBDFF1F995B77005C865C /* Build configuration list for PBXNativeTarget "HorstaGramTests" */ = {
			isa = XCConfigurationList;
			buildConfigurations = (
				EBFDBE001F995B77005C865C /* Debug */,
				EBFDBE011F995B77005C865C /* Release */,
			);
			defaultConfigurationIsVisible = 0;
			defaultConfigurationName = Release;
		};
		EBFDBE021F995B77005C865C /* Build configuration list for PBXNativeTarget "HorstaGramUITests" */ = {
			isa = XCConfigurationList;
			buildConfigurations = (
				EBFDBE031F995B77005C865C /* Debug */,
				EBFDBE041F995B77005C865C /* Release */,
			);
			defaultConfigurationIsVisible = 0;
			defaultConfigurationName = Release;
		};
/* End XCConfigurationList section */
	};
	rootObject = EBFDBDC81F995B76005C865C /* Project object */;
}
